
Microsoft Visual Studio Solution File, Format Version 12.00
# Visual Studio 15
VisualStudioVersion = 15.0.28307.902
MinimumVisualStudioVersion = 10.0.40219.1
Project("{2150E333-8FDC-42A3-9474-1A3956D46DE8}") = "tests", "tests", "{1B8C920D-66B0-4EA0-A245-0A495FE6FE5B}"
EndProject
Project("{8BC9CEB8-8B4A-11D0-8D11-00A0C91BC942}") = "kox", "src\kox\kox.vcxproj", "{CD736B54-A54E-4341-84FE-B9DB76B93F11}"
EndProject
Project("{8BC9CEB8-8B4A-11D0-8D11-00A0C91BC942}") = "ltx_js", "src\ltx_js\ltx_js.vcxproj", "{DD893C97-E418-4B67-A6B4-9B765422CB66}"
EndProject
Project("{8BC9CEB8-8B4A-11D0-8D11-00A0C91BC942}") = "koxIOtest", "tests\koxIOtest\koxIOtest.vcxproj", "{37EC89D6-F2C3-4C90-BDF7-DFCBA9E0E859}"
EndProject
Project("{8BC9CEB8-8B4A-11D0-8D11-00A0C91BC942}") = "tem", "tests\tem\tem.vcxproj", "{A343C770-5A29-4098-BA9A-D7EAAB5BE616}"
EndProject
Project("{8BC9CEB8-8B4A-11D0-8D11-00A0C91BC942}") = "t2", "tests\t2\t2.vcxproj", "{D16AB087-7ADF-4A6C-86F9-0FC2503F491D}"
EndProject
Project("{8BC9CEB8-8B4A-11D0-8D11-00A0C91BC942}") = "lztest2", "tests\lztest2\lztest2.vcxproj", "{EF608D6D-F64C-4733-8B5F-CD65FC6042FC}"
EndProject
Project("{8BC9CEB8-8B4A-11D0-8D11-00A0C91BC942}") = "testdl", "tests\testdl\testdl.vcxproj", "{AD674330-4C99-4041-A25E-E6E576612BEE}"
EndProject
Project("{8BC9CEB8-8B4A-11D0-8D11-00A0C91BC942}") = "testltxold", "tests\testltxold\testltxpold.vcxproj", "{32B69AC4-E46A-4D8B-9B35-A7C5674E53BA}"
EndProject
Project("{8BC9CEB8-8B4A-11D0-8D11-00A0C91BC942}") = "wintest", "tests\wintest\wintest.vcxproj", "{BB7BA26A-A308-416F-B05D-46DB340A7028}"
EndProject
Project("{8BC9CEB8-8B4A-11D0-8D11-00A0C91BC942}") = "test3", "tests\test3\test3.vcxproj", "{DF821C1F-FCC2-4177-85BA-75FD409695FA}"
EndProject
Project("{8BC9CEB8-8B4A-11D0-8D11-00A0C91BC942}") = "test_sync", "tests\test_sync\test_sync.vcxproj", "{AC16A204-385B-4BFD-903B-F7DE3716A7A1}"
EndProject
Project("{8BC9CEB8-8B4A-11D0-8D11-00A0C91BC942}") = "matlab_engine", "src\matlab_engine\matlab_engine.vcxproj", "{1E844BC8-EAB3-4251-9E17-C48430B21A80}"
EndProject
Project("{8BC9CEB8-8B4A-11D0-8D11-00A0C91BC942}") = "dllcall", "..\tp\MATLAB\examples\dllcall\dllcall\dllcall.vcxproj", "{51745B86-5C89-4991-86C9-2F5CCD5A23B3}"
EndProject
Project("{8BC9CEB8-8B4A-11D0-8D11-00A0C91BC942}") = "ltx_websocket", "src\ltx_websocket\ltx_websocket.vcxproj", "{08757CB2-9DAC-4423-AE69-39A69D31F239}"
EndProject
Project("{8BC9CEB8-8B4A-11D0-8D11-00A0C91BC942}") = "mkl_ltx", "src\mkl_ltx\mkl_ltx\mkl_ltx.vcxproj", "{25930947-899D-40CE-AF1A-03FBC3A4306A}"
EndProject
Project("{8BC9CEB8-8B4A-11D0-8D11-00A0C91BC942}") = "lz4_fast", "src\lz4_fast\lz4_fast.vcxproj", "{C538AB19-08CB-4B32-8699-DFB292576E02}"
EndProject
Project("{8BC9CEB8-8B4A-11D0-8D11-00A0C91BC942}") = "ltx_hssh_w32", "ltx_hssh_w32\ltx_hssh_w32.vcxproj", "{73B5A5A8-1AAE-4D79-BFED-D229D2C25863}"
EndProject
Project("{8BC9CEB8-8B4A-11D0-8D11-00A0C91BC942}") = "ConsoleApplication1", "ConsoleApplication1\ConsoleApplication1.vcxproj", "{D26ADB74-3E0C-4CFF-B49C-F6FE6BEEB260}"
EndProject
Project("{8BC9CEB8-8B4A-11D0-8D11-00A0C91BC942}") = "test_share_mem_callback", "..\tests\test_share_mem_callback\test_share_mem_callback.vcxproj", "{383BAEF6-9AD6-4642-8A2F-FC6BAF4EE591}"
EndProject
Project("{8BC9CEB8-8B4A-11D0-8D11-00A0C91BC942}") = "simple_server", "..\tests\simple_server\simple_server\simple_server.vcxproj", "{090E3C7E-3CC4-4365-BC41-8406105F15A5}"
EndProject
Global
	GlobalSection(SolutionConfigurationPlatforms) = preSolution
		Debug|Win32 = Debug|Win32
		Debug|x64 = Debug|x64
		Release|Win32 = Release|Win32
		Release|x64 = Release|x64
	EndGlobalSection
	GlobalSection(ProjectConfigurationPlatforms) = postSolution
		{CD736B54-A54E-4341-84FE-B9DB76B93F11}.Debug|Win32.ActiveCfg = Debug|Win32
		{CD736B54-A54E-4341-84FE-B9DB76B93F11}.Debug|Win32.Build.0 = Debug|Win32
		{CD736B54-A54E-4341-84FE-B9DB76B93F11}.Debug|x64.ActiveCfg = Debug|x64
		{CD736B54-A54E-4341-84FE-B9DB76B93F11}.Debug|x64.Build.0 = Debug|x64
		{CD736B54-A54E-4341-84FE-B9DB76B93F11}.Release|Win32.ActiveCfg = Release|Win32
		{CD736B54-A54E-4341-84FE-B9DB76B93F11}.Release|Win32.Build.0 = Release|Win32
		{CD736B54-A54E-4341-84FE-B9DB76B93F11}.Release|x64.ActiveCfg = Release|x64
		{CD736B54-A54E-4341-84FE-B9DB76B93F11}.Release|x64.Build.0 = Release|x64
		{DD893C97-E418-4B67-A6B4-9B765422CB66}.Debug|Win32.ActiveCfg = Debug|Win32
		{DD893C97-E418-4B67-A6B4-9B765422CB66}.Debug|Win32.Build.0 = Debug|Win32
		{DD893C97-E418-4B67-A6B4-9B765422CB66}.Debug|x64.ActiveCfg = Debug|x64
		{DD893C97-E418-4B67-A6B4-9B765422CB66}.Debug|x64.Build.0 = Debug|x64
		{DD893C97-E418-4B67-A6B4-9B765422CB66}.Release|Win32.ActiveCfg = Release|Win32
		{DD893C97-E418-4B67-A6B4-9B765422CB66}.Release|Win32.Build.0 = Release|Win32
		{DD893C97-E418-4B67-A6B4-9B765422CB66}.Release|x64.ActiveCfg = Release|x64
		{DD893C97-E418-4B67-A6B4-9B765422CB66}.Release|x64.Build.0 = Release|x64
		{37EC89D6-F2C3-4C90-BDF7-DFCBA9E0E859}.Debug|Win32.ActiveCfg = Debug|Win32
		{37EC89D6-F2C3-4C90-BDF7-DFCBA9E0E859}.Debug|Win32.Build.0 = Debug|Win32
		{37EC89D6-F2C3-4C90-BDF7-DFCBA9E0E859}.Debug|x64.ActiveCfg = Debug|x64
		{37EC89D6-F2C3-4C90-BDF7-DFCBA9E0E859}.Debug|x64.Build.0 = Debug|x64
		{37EC89D6-F2C3-4C90-BDF7-DFCBA9E0E859}.Release|Win32.ActiveCfg = Release|Win32
		{37EC89D6-F2C3-4C90-BDF7-DFCBA9E0E859}.Release|Win32.Build.0 = Release|Win32
		{37EC89D6-F2C3-4C90-BDF7-DFCBA9E0E859}.Release|x64.ActiveCfg = Release|x64
		{37EC89D6-F2C3-4C90-BDF7-DFCBA9E0E859}.Release|x64.Build.0 = Release|x64
		{A343C770-5A29-4098-BA9A-D7EAAB5BE616}.Debug|Win32.ActiveCfg = Debug|Win32
		{A343C770-5A29-4098-BA9A-D7EAAB5BE616}.Debug|Win32.Build.0 = Debug|Win32
		{A343C770-5A29-4098-BA9A-D7EAAB5BE616}.Debug|x64.ActiveCfg = Debug|x64
		{A343C770-5A29-4098-BA9A-D7EAAB5BE616}.Debug|x64.Build.0 = Debug|x64
		{A343C770-5A29-4098-BA9A-D7EAAB5BE616}.Release|Win32.ActiveCfg = Release|Win32
		{A343C770-5A29-4098-BA9A-D7EAAB5BE616}.Release|Win32.Build.0 = Release|Win32
		{A343C770-5A29-4098-BA9A-D7EAAB5BE616}.Release|x64.ActiveCfg = Release|x64
		{A343C770-5A29-4098-BA9A-D7EAAB5BE616}.Release|x64.Build.0 = Release|x64
		{D16AB087-7ADF-4A6C-86F9-0FC2503F491D}.Debug|Win32.ActiveCfg = Debug|Win32
		{D16AB087-7ADF-4A6C-86F9-0FC2503F491D}.Debug|Win32.Build.0 = Debug|Win32
		{D16AB087-7ADF-4A6C-86F9-0FC2503F491D}.Debug|x64.ActiveCfg = Debug|x64
		{D16AB087-7ADF-4A6C-86F9-0FC2503F491D}.Debug|x64.Build.0 = Debug|x64
		{D16AB087-7ADF-4A6C-86F9-0FC2503F491D}.Release|Win32.ActiveCfg = Release|Win32
		{D16AB087-7ADF-4A6C-86F9-0FC2503F491D}.Release|Win32.Build.0 = Release|Win32
		{D16AB087-7ADF-4A6C-86F9-0FC2503F491D}.Release|x64.ActiveCfg = Release|x64
		{D16AB087-7ADF-4A6C-86F9-0FC2503F491D}.Release|x64.Build.0 = Release|x64
		{EF608D6D-F64C-4733-8B5F-CD65FC6042FC}.Debug|Win32.ActiveCfg = Debug|Win32
		{EF608D6D-F64C-4733-8B5F-CD65FC6042FC}.Debug|Win32.Build.0 = Debug|Win32
		{EF608D6D-F64C-4733-8B5F-CD65FC6042FC}.Debug|x64.ActiveCfg = Debug|x64
		{EF608D6D-F64C-4733-8B5F-CD65FC6042FC}.Debug|x64.Build.0 = Debug|x64
		{EF608D6D-F64C-4733-8B5F-CD65FC6042FC}.Release|Win32.ActiveCfg = Release|Win32
		{EF608D6D-F64C-4733-8B5F-CD65FC6042FC}.Release|Win32.Build.0 = Release|Win32
		{EF608D6D-F64C-4733-8B5F-CD65FC6042FC}.Release|x64.ActiveCfg = Release|x64
		{EF608D6D-F64C-4733-8B5F-CD65FC6042FC}.Release|x64.Build.0 = Release|x64
		{AD674330-4C99-4041-A25E-E6E576612BEE}.Debug|Win32.ActiveCfg = Debug|Win32
		{AD674330-4C99-4041-A25E-E6E576612BEE}.Debug|Win32.Build.0 = Debug|Win32
		{AD674330-4C99-4041-A25E-E6E576612BEE}.Debug|x64.ActiveCfg = Debug|x64
		{AD674330-4C99-4041-A25E-E6E576612BEE}.Debug|x64.Build.0 = Debug|x64
		{AD674330-4C99-4041-A25E-E6E576612BEE}.Release|Win32.ActiveCfg = Release|Win32
		{AD674330-4C99-4041-A25E-E6E576612BEE}.Release|Win32.Build.0 = Release|Win32
		{AD674330-4C99-4041-A25E-E6E576612BEE}.Release|x64.ActiveCfg = Release|x64
		{AD674330-4C99-4041-A25E-E6E576612BEE}.Release|x64.Build.0 = Release|x64
		{32B69AC4-E46A-4D8B-9B35-A7C5674E53BA}.Debug|Win32.ActiveCfg = Debug|Win32
		{32B69AC4-E46A-4D8B-9B35-A7C5674E53BA}.Debug|Win32.Build.0 = Debug|Win32
		{32B69AC4-E46A-4D8B-9B35-A7C5674E53BA}.Debug|x64.ActiveCfg = Debug|x64
		{32B69AC4-E46A-4D8B-9B35-A7C5674E53BA}.Debug|x64.Build.0 = Debug|x64
		{32B69AC4-E46A-4D8B-9B35-A7C5674E53BA}.Release|Win32.ActiveCfg = Release|Win32
		{32B69AC4-E46A-4D8B-9B35-A7C5674E53BA}.Release|Win32.Build.0 = Release|Win32
		{32B69AC4-E46A-4D8B-9B35-A7C5674E53BA}.Release|x64.ActiveCfg = Release|x64
		{32B69AC4-E46A-4D8B-9B35-A7C5674E53BA}.Release|x64.Build.0 = Release|x64
		{BB7BA26A-A308-416F-B05D-46DB340A7028}.Debug|Win32.ActiveCfg = Debug|Win32
		{BB7BA26A-A308-416F-B05D-46DB340A7028}.Debug|Win32.Build.0 = Debug|Win32
		{BB7BA26A-A308-416F-B05D-46DB340A7028}.Debug|x64.ActiveCfg = Debug|x64
		{BB7BA26A-A308-416F-B05D-46DB340A7028}.Debug|x64.Build.0 = Debug|x64
		{BB7BA26A-A308-416F-B05D-46DB340A7028}.Release|Win32.ActiveCfg = Release|Win32
		{BB7BA26A-A308-416F-B05D-46DB340A7028}.Release|Win32.Build.0 = Release|Win32
		{BB7BA26A-A308-416F-B05D-46DB340A7028}.Release|x64.ActiveCfg = Release|x64
		{BB7BA26A-A308-416F-B05D-46DB340A7028}.Release|x64.Build.0 = Release|x64
		{DF821C1F-FCC2-4177-85BA-75FD409695FA}.Debug|Win32.ActiveCfg = Debug|Win32
		{DF821C1F-FCC2-4177-85BA-75FD409695FA}.Debug|Win32.Build.0 = Debug|Win32
		{DF821C1F-FCC2-4177-85BA-75FD409695FA}.Debug|x64.ActiveCfg = Debug|x64
		{DF821C1F-FCC2-4177-85BA-75FD409695FA}.Debug|x64.Build.0 = Debug|x64
		{DF821C1F-FCC2-4177-85BA-75FD409695FA}.Release|Win32.ActiveCfg = Release|Win32
		{DF821C1F-FCC2-4177-85BA-75FD409695FA}.Release|Win32.Build.0 = Release|Win32
		{DF821C1F-FCC2-4177-85BA-75FD409695FA}.Release|x64.ActiveCfg = Release|x64
		{DF821C1F-FCC2-4177-85BA-75FD409695FA}.Release|x64.Build.0 = Release|x64
		{AC16A204-385B-4BFD-903B-F7DE3716A7A1}.Debug|Win32.ActiveCfg = Debug|Win32
		{AC16A204-385B-4BFD-903B-F7DE3716A7A1}.Debug|Win32.Build.0 = Debug|Win32
		{AC16A204-385B-4BFD-903B-F7DE3716A7A1}.Debug|x64.ActiveCfg = Debug|Win32
		{AC16A204-385B-4BFD-903B-F7DE3716A7A1}.Release|Win32.ActiveCfg = Release|Win32
		{AC16A204-385B-4BFD-903B-F7DE3716A7A1}.Release|Win32.Build.0 = Release|Win32
		{AC16A204-385B-4BFD-903B-F7DE3716A7A1}.Release|x64.ActiveCfg = Release|Win32
		{1E844BC8-EAB3-4251-9E17-C48430B21A80}.Debug|Win32.ActiveCfg = Debug|Win32
		{1E844BC8-EAB3-4251-9E17-C48430B21A80}.Debug|Win32.Build.0 = Debug|Win32
		{1E844BC8-EAB3-4251-9E17-C48430B21A80}.Debug|x64.ActiveCfg = Debug|x64
		{1E844BC8-EAB3-4251-9E17-C48430B21A80}.Debug|x64.Build.0 = Debug|x64
		{1E844BC8-EAB3-4251-9E17-C48430B21A80}.Release|Win32.ActiveCfg = Release|Win32
		{1E844BC8-EAB3-4251-9E17-C48430B21A80}.Release|Win32.Build.0 = Release|Win32
		{1E844BC8-EAB3-4251-9E17-C48430B21A80}.Release|x64.ActiveCfg = Release|x64
		{1E844BC8-EAB3-4251-9E17-C48430B21A80}.Release|x64.Build.0 = Release|x64
		{51745B86-5C89-4991-86C9-2F5CCD5A23B3}.Debug|Win32.ActiveCfg = Debug|Win32
		{51745B86-5C89-4991-86C9-2F5CCD5A23B3}.Debug|Win32.Build.0 = Debug|Win32
		{51745B86-5C89-4991-86C9-2F5CCD5A23B3}.Debug|x64.ActiveCfg = Debug|x64
		{51745B86-5C89-4991-86C9-2F5CCD5A23B3}.Debug|x64.Build.0 = Debug|x64
		{51745B86-5C89-4991-86C9-2F5CCD5A23B3}.Release|Win32.ActiveCfg = Release|Win32
		{51745B86-5C89-4991-86C9-2F5CCD5A23B3}.Release|Win32.Build.0 = Release|Win32
		{51745B86-5C89-4991-86C9-2F5CCD5A23B3}.Release|x64.ActiveCfg = Release|x64
		{51745B86-5C89-4991-86C9-2F5CCD5A23B3}.Release|x64.Build.0 = Release|x64
		{08757CB2-9DAC-4423-AE69-39A69D31F239}.Debug|Win32.ActiveCfg = Debug|Win32
		{08757CB2-9DAC-4423-AE69-39A69D31F239}.Debug|Win32.Build.0 = Debug|Win32
		{08757CB2-9DAC-4423-AE69-39A69D31F239}.Debug|x64.ActiveCfg = Debug|x64
		{08757CB2-9DAC-4423-AE69-39A69D31F239}.Debug|x64.Build.0 = Debug|x64
		{08757CB2-9DAC-4423-AE69-39A69D31F239}.Release|Win32.ActiveCfg = Release|Win32
		{08757CB2-9DAC-4423-AE69-39A69D31F239}.Release|Win32.Build.0 = Release|Win32
		{08757CB2-9DAC-4423-AE69-39A69D31F239}.Release|x64.ActiveCfg = Release|x64
		{08757CB2-9DAC-4423-AE69-39A69D31F239}.Release|x64.Build.0 = Release|x64
		{25930947-899D-40CE-AF1A-03FBC3A4306A}.Debug|Win32.ActiveCfg = Debug|Win32
		{25930947-899D-40CE-AF1A-03FBC3A4306A}.Debug|Win32.Build.0 = Debug|Win32
		{25930947-899D-40CE-AF1A-03FBC3A4306A}.Debug|x64.ActiveCfg = Debug|x64
		{25930947-899D-40CE-AF1A-03FBC3A4306A}.Debug|x64.Build.0 = Debug|x64
		{25930947-899D-40CE-AF1A-03FBC3A4306A}.Release|Win32.ActiveCfg = Release|Win32
		{25930947-899D-40CE-AF1A-03FBC3A4306A}.Release|Win32.Build.0 = Release|Win32
		{25930947-899D-40CE-AF1A-03FBC3A4306A}.Release|x64.ActiveCfg = Release|x64
		{25930947-899D-40CE-AF1A-03FBC3A4306A}.Release|x64.Build.0 = Release|x64
		{C538AB19-08CB-4B32-8699-DFB292576E02}.Debug|Win32.ActiveCfg = Debug|Win32
		{C538AB19-08CB-4B32-8699-DFB292576E02}.Debug|Win32.Build.0 = Debug|Win32
		{C538AB19-08CB-4B32-8699-DFB292576E02}.Debug|x64.ActiveCfg = Debug|x64
		{C538AB19-08CB-4B32-8699-DFB292576E02}.Debug|x64.Build.0 = Debug|x64
		{C538AB19-08CB-4B32-8699-DFB292576E02}.Release|Win32.ActiveCfg = Release|Win32
		{C538AB19-08CB-4B32-8699-DFB292576E02}.Release|Win32.Build.0 = Release|Win32
		{C538AB19-08CB-4B32-8699-DFB292576E02}.Release|x64.ActiveCfg = Release|x64
		{C538AB19-08CB-4B32-8699-DFB292576E02}.Release|x64.Build.0 = Release|x64
		{73B5A5A8-1AAE-4D79-BFED-D229D2C25863}.Debug|Win32.ActiveCfg = Debug|Win32
		{73B5A5A8-1AAE-4D79-BFED-D229D2C25863}.Debug|Win32.Build.0 = Debug|Win32
		{73B5A5A8-1AAE-4D79-BFED-D229D2C25863}.Debug|x64.ActiveCfg = Debug|Win32
		{73B5A5A8-1AAE-4D79-BFED-D229D2C25863}.Release|Win32.ActiveCfg = Release|Win32
		{73B5A5A8-1AAE-4D79-BFED-D229D2C25863}.Release|Win32.Build.0 = Release|Win32
		{73B5A5A8-1AAE-4D79-BFED-D229D2C25863}.Release|x64.ActiveCfg = Release|Win32
		{D26ADB74-3E0C-4CFF-B49C-F6FE6BEEB260}.Debug|Win32.ActiveCfg = Debug|Win32
		{D26ADB74-3E0C-4CFF-B49C-F6FE6BEEB260}.Debug|Win32.Build.0 = Debug|Win32
		{D26ADB74-3E0C-4CFF-B49C-F6FE6BEEB260}.Debug|x64.ActiveCfg = Debug|x64
		{D26ADB74-3E0C-4CFF-B49C-F6FE6BEEB260}.Debug|x64.Build.0 = Debug|x64
		{D26ADB74-3E0C-4CFF-B49C-F6FE6BEEB260}.Release|Win32.ActiveCfg = Release|Win32
		{D26ADB74-3E0C-4CFF-B49C-F6FE6BEEB260}.Release|Win32.Build.0 = Release|Win32
		{D26ADB74-3E0C-4CFF-B49C-F6FE6BEEB260}.Release|x64.ActiveCfg = Release|x64
		{D26ADB74-3E0C-4CFF-B49C-F6FE6BEEB260}.Release|x64.Build.0 = Release|x64
		{383BAEF6-9AD6-4642-8A2F-FC6BAF4EE591}.Debug|Win32.ActiveCfg = Debug|Win32
		{383BAEF6-9AD6-4642-8A2F-FC6BAF4EE591}.Debug|Win32.Build.0 = Debug|Win32
		{383BAEF6-9AD6-4642-8A2F-FC6BAF4EE591}.Debug|x64.ActiveCfg = Debug|x64
		{383BAEF6-9AD6-4642-8A2F-FC6BAF4EE591}.Debug|x64.Build.0 = Debug|x64
		{383BAEF6-9AD6-4642-8A2F-FC6BAF4EE591}.Release|Win32.ActiveCfg = Release|Win32
		{383BAEF6-9AD6-4642-8A2F-FC6BAF4EE591}.Release|Win32.Build.0 = Release|Win32
		{383BAEF6-9AD6-4642-8A2F-FC6BAF4EE591}.Release|x64.ActiveCfg = Release|x64
		{383BAEF6-9AD6-4642-8A2F-FC6BAF4EE591}.Release|x64.Build.0 = Release|x64
		{090E3C7E-3CC4-4365-BC41-8406105F15A5}.Debug|Win32.ActiveCfg = Debug|Win32
		{090E3C7E-3CC4-4365-BC41-8406105F15A5}.Debug|Win32.Build.0 = Debug|Win32
		{090E3C7E-3CC4-4365-BC41-8406105F15A5}.Debug|x64.ActiveCfg = Debug|x64
		{090E3C7E-3CC4-4365-BC41-8406105F15A5}.Debug|x64.Build.0 = Debug|x64
		{090E3C7E-3CC4-4365-BC41-8406105F15A5}.Release|Win32.ActiveCfg = Release|Win32
		{090E3C7E-3CC4-4365-BC41-8406105F15A5}.Release|Win32.Build.0 = Release|Win32
		{090E3C7E-3CC4-4365-BC41-8406105F15A5}.Release|x64.ActiveCfg = Release|x64
		{090E3C7E-3CC4-4365-BC41-8406105F15A5}.Release|x64.Build.0 = Release|x64
	EndGlobalSection
	GlobalSection(SolutionProperties) = preSolution
		HideSolutionNode = FALSE
	EndGlobalSection
	GlobalSection(NestedProjects) = preSolution
		{37EC89D6-F2C3-4C90-BDF7-DFCBA9E0E859} = {1B8C920D-66B0-4EA0-A245-0A495FE6FE5B}
		{A343C770-5A29-4098-BA9A-D7EAAB5BE616} = {1B8C920D-66B0-4EA0-A245-0A495FE6FE5B}
		{D16AB087-7ADF-4A6C-86F9-0FC2503F491D} = {1B8C920D-66B0-4EA0-A245-0A495FE6FE5B}
		{EF608D6D-F64C-4733-8B5F-CD65FC6042FC} = {1B8C920D-66B0-4EA0-A245-0A495FE6FE5B}
		{AD674330-4C99-4041-A25E-E6E576612BEE} = {1B8C920D-66B0-4EA0-A245-0A495FE6FE5B}
		{32B69AC4-E46A-4D8B-9B35-A7C5674E53BA} = {1B8C920D-66B0-4EA0-A245-0A495FE6FE5B}
		{BB7BA26A-A308-416F-B05D-46DB340A7028} = {1B8C920D-66B0-4EA0-A245-0A495FE6FE5B}
		{AC16A204-385B-4BFD-903B-F7DE3716A7A1} = {1B8C920D-66B0-4EA0-A245-0A495FE6FE5B}
		{D26ADB74-3E0C-4CFF-B49C-F6FE6BEEB260} = {1B8C920D-66B0-4EA0-A245-0A495FE6FE5B}
		{383BAEF6-9AD6-4642-8A2F-FC6BAF4EE591} = {1B8C920D-66B0-4EA0-A245-0A495FE6FE5B}
		{090E3C7E-3CC4-4365-BC41-8406105F15A5} = {1B8C920D-66B0-4EA0-A245-0A495FE6FE5B}
	EndGlobalSection
	GlobalSection(ExtensibilityGlobals) = postSolution
		SolutionGuid = {9B2B084A-BE7A-4C30-876E-E63D73E1FBD1}
	EndGlobalSection
EndGlobal
